// !$*UTF8*$!
{
	archiveVersion = 1;
	classes = {
	};
	objectVersion = 46;
	objects = {

/* Begin PBXBuildFile section */
		5837D92AA10D45720CC59E06 /* Pods.framework in Frameworks */ = {isa = PBXBuildFile; fileRef = 032E6FD38B5E0C29DC64099D /* Pods.framework */; };
		6A12CC9F1BC3A9BF00851F80 /* UINavigationItem.swift in Sources */ = {isa = PBXBuildFile; fileRef = 6A12CC9E1BC3A9BF00851F80 /* UINavigationItem.swift */; };
		6A1454261BD4703000AA659B /* NSDate.swift in Sources */ = {isa = PBXBuildFile; fileRef = 6A1454251BD4703000AA659B /* NSDate.swift */; };
		6A1D7F801BCB03DB001B7144 /* LocationTableViewCell.swift in Sources */ = {isa = PBXBuildFile; fileRef = 6A1D7F7F1BCB03DB001B7144 /* LocationTableViewCell.swift */; };
		6A1D7F841BCB3478001B7144 /* LocationSearchButton.swift in Sources */ = {isa = PBXBuildFile; fileRef = 6A1D7F831BCB3478001B7144 /* LocationSearchButton.swift */; };
		6A1D7F861BCB5392001B7144 /* Location.swift in Sources */ = {isa = PBXBuildFile; fileRef = 6A1D7F851BCB5392001B7144 /* Location.swift */; };
		6A1D7F881BCB55CE001B7144 /* Locations.swift in Sources */ = {isa = PBXBuildFile; fileRef = 6A1D7F871BCB55CE001B7144 /* Locations.swift */; };
		6A1D7F8A1BCB5C12001B7144 /* LocationCellLabel.swift in Sources */ = {isa = PBXBuildFile; fileRef = 6A1D7F891BCB5C12001B7144 /* LocationCellLabel.swift */; };
		6A1EBCBE1BDC10C30073BE42 /* PathLocationTableViewCell.swift in Sources */ = {isa = PBXBuildFile; fileRef = 6A1EBCBD1BDC10C30073BE42 /* PathLocationTableViewCell.swift */; };
		6A29FCAA1BDDC2EB0044645E /* PathLocationSelectionCollectionViewCell.swift in Sources */ = {isa = PBXBuildFile; fileRef = 6A29FCA91BDDC2EB0044645E /* PathLocationSelectionCollectionViewCell.swift */; };
		6A29FCAC1BE0A4D90044645E /* AddPathLocationTableViewCell.swift in Sources */ = {isa = PBXBuildFile; fileRef = 6A29FCAB1BE0A4D90044645E /* AddPathLocationTableViewCell.swift */; };
		6A71973A1BBCE42A00065577 /* AppDelegate.swift in Sources */ = {isa = PBXBuildFile; fileRef = 6A7197391BBCE42A00065577 /* AppDelegate.swift */; };
		6A71973F1BBCE42A00065577 /* Main.storyboard in Resources */ = {isa = PBXBuildFile; fileRef = 6A71973D1BBCE42A00065577 /* Main.storyboard */; };
		6A7197411BBCE42A00065577 /* Assets.xcassets in Resources */ = {isa = PBXBuildFile; fileRef = 6A7197401BBCE42A00065577 /* Assets.xcassets */; };
		6A7197441BBCE42A00065577 /* LaunchScreen.storyboard in Resources */ = {isa = PBXBuildFile; fileRef = 6A7197421BBCE42A00065577 /* LaunchScreen.storyboard */; };
		6A71974F1BBCE42A00065577 /* PathfinderTests.swift in Sources */ = {isa = PBXBuildFile; fileRef = 6A71974E1BBCE42A00065577 /* PathfinderTests.swift */; };
		6A71975A1BBCE42A00065577 /* PathfinderUITests.swift in Sources */ = {isa = PBXBuildFile; fileRef = 6A7197591BBCE42A00065577 /* PathfinderUITests.swift */; };
		6A86E6611BD60B6000883D9B /* CircleView.swift in Sources */ = {isa = PBXBuildFile; fileRef = 6A86E6601BD60B6000883D9B /* CircleView.swift */; };
		6A86E6651BD60DA400883D9B /* CenterCellCollectionViewFlowLayout.swift in Sources */ = {isa = PBXBuildFile; fileRef = 6A86E6641BD60DA400883D9B /* CenterCellCollectionViewFlowLayout.swift */; };
		6A86E6671BD6287200883D9B /* UINavigationBar.swift in Sources */ = {isa = PBXBuildFile; fileRef = 6A86E6661BD6287200883D9B /* UINavigationBar.swift */; };
		6AAFAB0D1BE6F7670030D7D6 /* ManageUser.swift in Sources */ = {isa = PBXBuildFile; fileRef = 6AAFAB0C1BE6F7670030D7D6 /* ManageUser.swift */; };
		6ACE5DD01BBF88A8005B96DA /* HomeViewController.swift in Sources */ = {isa = PBXBuildFile; fileRef = 6ACE5DCF1BBF88A8005B96DA /* HomeViewController.swift */; };
		6ACE5DD41BBFA057005B96DA /* SettingsViewController.swift in Sources */ = {isa = PBXBuildFile; fileRef = 6ACE5DD31BBFA057005B96DA /* SettingsViewController.swift */; };
		6ACE5DD61BC0A546005B96DA /* MainNavigationViewController.swift in Sources */ = {isa = PBXBuildFile; fileRef = 6ACE5DD51BC0A546005B96DA /* MainNavigationViewController.swift */; };
		6AD172D81BC216B600F980E3 /* CreatePathViewController.swift in Sources */ = {isa = PBXBuildFile; fileRef = 6AD172D71BC216B600F980E3 /* CreatePathViewController.swift */; };
		6AD172DC1BC21DD200F980E3 /* UIColor.swift in Sources */ = {isa = PBXBuildFile; fileRef = 6AD172DB1BC21DD200F980E3 /* UIColor.swift */; };
		6AD172E11BC372D800F980E3 /* AppTheme.swift in Sources */ = {isa = PBXBuildFile; fileRef = 6AD172E01BC372D800F980E3 /* AppTheme.swift */; };
		6AD172E31BC3861300F980E3 /* DatePickerDialog.swift in Sources */ = {isa = PBXBuildFile; fileRef = 6AD172E21BC3861300F980E3 /* DatePickerDialog.swift */; };
		6AD172E51BC38CAF00F980E3 /* UIButton.swift in Sources */ = {isa = PBXBuildFile; fileRef = 6AD172E41BC38CAF00F980E3 /* UIButton.swift */; };
		6AD172E81BC39F5600F980E3 /* UISlider.swift in Sources */ = {isa = PBXBuildFile; fileRef = 6AD172E71BC39F5600F980E3 /* UISlider.swift */; };
		6ADE91D21BC657E50072E103 /* LocationSearchTableViewController.swift in Sources */ = {isa = PBXBuildFile; fileRef = 6ADE91D11BC657E50072E103 /* LocationSearchTableViewController.swift */; };
		6ADE91D41BC8BFAB0072E103 /* Podfile in Resources */ = {isa = PBXBuildFile; fileRef = 6ADE91D31BC8BFAB0072E103 /* Podfile */; };
		6AE689381BC1CF5F007BE35F /* ImageLoader.swift in Sources */ = {isa = PBXBuildFile; fileRef = 6AE689371BC1CF5F007BE35F /* ImageLoader.swift */; };
		C4B927CDCB68CEC3CD660798 /* UILabel.swift in Sources */ = {isa = PBXBuildFile; fileRef = C4B9260FC7C41689019ED4F7 /* UILabel.swift */; };
		C4B92930A5FFAF954BDFDE5D /* UIView.swift in Sources */ = {isa = PBXBuildFile; fileRef = C4B92564C66E397113B8EB83 /* UIView.swift */; };
		C4B92FCF82C7F3563D1ABAEE /* UserModel.swift in Sources */ = {isa = PBXBuildFile; fileRef = C4B920C4D386EBCEEDD37216 /* UserModel.swift */; };
/* End PBXBuildFile section */

/* Begin PBXContainerItemProxy section */
		6A71974B1BBCE42A00065577 /* PBXContainerItemProxy */ = {
			isa = PBXContainerItemProxy;
			containerPortal = 6A71972E1BBCE42900065577 /* Project object */;
			proxyType = 1;
			remoteGlobalIDString = 6A7197351BBCE42900065577;
			remoteInfo = Pathfinder;
		};
		6A7197561BBCE42A00065577 /* PBXContainerItemProxy */ = {
			isa = PBXContainerItemProxy;
			containerPortal = 6A71972E1BBCE42900065577 /* Project object */;
			proxyType = 1;
			remoteGlobalIDString = 6A7197351BBCE42900065577;
			remoteInfo = Pathfinder;
		};
/* End PBXContainerItemProxy section */

/* Begin PBXFileReference section */
		032E6FD38B5E0C29DC64099D /* Pods.framework */ = {isa = PBXFileReference; explicitFileType = wrapper.framework; includeInIndex = 0; path = Pods.framework; sourceTree = BUILT_PRODUCTS_DIR; };
		6A12CC9E1BC3A9BF00851F80 /* UINavigationItem.swift */ = {isa = PBXFileReference; fileEncoding = 4; lastKnownFileType = sourcecode.swift; path = UINavigationItem.swift; sourceTree = "<group>"; };
		6A1454251BD4703000AA659B /* NSDate.swift */ = {isa = PBXFileReference; fileEncoding = 4; lastKnownFileType = sourcecode.swift; path = NSDate.swift; sourceTree = "<group>"; };
		6A1D7F7F1BCB03DB001B7144 /* LocationTableViewCell.swift */ = {isa = PBXFileReference; fileEncoding = 4; lastKnownFileType = sourcecode.swift; path = LocationTableViewCell.swift; sourceTree = "<group>"; };
		6A1D7F831BCB3478001B7144 /* LocationSearchButton.swift */ = {isa = PBXFileReference; fileEncoding = 4; lastKnownFileType = sourcecode.swift; path = LocationSearchButton.swift; sourceTree = "<group>"; };
		6A1D7F851BCB5392001B7144 /* Location.swift */ = {isa = PBXFileReference; fileEncoding = 4; lastKnownFileType = sourcecode.swift; path = Location.swift; sourceTree = "<group>"; };
		6A1D7F871BCB55CE001B7144 /* Locations.swift */ = {isa = PBXFileReference; fileEncoding = 4; lastKnownFileType = sourcecode.swift; path = Locations.swift; sourceTree = "<group>"; };
		6A1D7F891BCB5C12001B7144 /* LocationCellLabel.swift */ = {isa = PBXFileReference; fileEncoding = 4; lastKnownFileType = sourcecode.swift; path = LocationCellLabel.swift; sourceTree = "<group>"; };
		6A1EBCBD1BDC10C30073BE42 /* PathLocationTableViewCell.swift */ = {isa = PBXFileReference; fileEncoding = 4; lastKnownFileType = sourcecode.swift; path = PathLocationTableViewCell.swift; sourceTree = "<group>"; };
		6A29FCA91BDDC2EB0044645E /* PathLocationSelectionCollectionViewCell.swift */ = {isa = PBXFileReference; fileEncoding = 4; lastKnownFileType = sourcecode.swift; path = PathLocationSelectionCollectionViewCell.swift; sourceTree = "<group>"; };
		6A29FCAB1BE0A4D90044645E /* AddPathLocationTableViewCell.swift */ = {isa = PBXFileReference; fileEncoding = 4; lastKnownFileType = sourcecode.swift; path = AddPathLocationTableViewCell.swift; sourceTree = "<group>"; };
		6A7197361BBCE42900065577 /* Pathfinder.app */ = {isa = PBXFileReference; explicitFileType = wrapper.application; includeInIndex = 0; path = Pathfinder.app; sourceTree = BUILT_PRODUCTS_DIR; };
		6A7197391BBCE42A00065577 /* AppDelegate.swift */ = {isa = PBXFileReference; lastKnownFileType = sourcecode.swift; path = AppDelegate.swift; sourceTree = "<group>"; };
		6A71973E1BBCE42A00065577 /* Base */ = {isa = PBXFileReference; lastKnownFileType = file.storyboard; name = Base; path = Base.lproj/Main.storyboard; sourceTree = "<group>"; };
		6A7197401BBCE42A00065577 /* Assets.xcassets */ = {isa = PBXFileReference; lastKnownFileType = folder.assetcatalog; path = Assets.xcassets; sourceTree = "<group>"; };
		6A7197431BBCE42A00065577 /* Base */ = {isa = PBXFileReference; lastKnownFileType = file.storyboard; name = Base; path = Base.lproj/LaunchScreen.storyboard; sourceTree = "<group>"; };
		6A7197451BBCE42A00065577 /* Info.plist */ = {isa = PBXFileReference; lastKnownFileType = text.plist.xml; path = Info.plist; sourceTree = "<group>"; };
		6A71974A1BBCE42A00065577 /* PathfinderTests.xctest */ = {isa = PBXFileReference; explicitFileType = wrapper.cfbundle; includeInIndex = 0; path = PathfinderTests.xctest; sourceTree = BUILT_PRODUCTS_DIR; };
		6A71974E1BBCE42A00065577 /* PathfinderTests.swift */ = {isa = PBXFileReference; lastKnownFileType = sourcecode.swift; path = PathfinderTests.swift; sourceTree = "<group>"; };
		6A7197501BBCE42A00065577 /* Info.plist */ = {isa = PBXFileReference; lastKnownFileType = text.plist.xml; path = Info.plist; sourceTree = "<group>"; };
		6A7197551BBCE42A00065577 /* PathfinderUITests.xctest */ = {isa = PBXFileReference; explicitFileType = wrapper.cfbundle; includeInIndex = 0; path = PathfinderUITests.xctest; sourceTree = BUILT_PRODUCTS_DIR; };
		6A7197591BBCE42A00065577 /* PathfinderUITests.swift */ = {isa = PBXFileReference; lastKnownFileType = sourcecode.swift; path = PathfinderUITests.swift; sourceTree = "<group>"; };
		6A71975B1BBCE42A00065577 /* Info.plist */ = {isa = PBXFileReference; lastKnownFileType = text.plist.xml; path = Info.plist; sourceTree = "<group>"; };
		6A7197831BBE3C2600065577 /* Bridging-Header.h */ = {isa = PBXFileReference; lastKnownFileType = sourcecode.c.h; path = "Bridging-Header.h"; sourceTree = "<group>"; };
		6A86E6601BD60B6000883D9B /* CircleView.swift */ = {isa = PBXFileReference; fileEncoding = 4; lastKnownFileType = sourcecode.swift; path = CircleView.swift; sourceTree = "<group>"; };
		6A86E6641BD60DA400883D9B /* CenterCellCollectionViewFlowLayout.swift */ = {isa = PBXFileReference; fileEncoding = 4; lastKnownFileType = sourcecode.swift; path = CenterCellCollectionViewFlowLayout.swift; sourceTree = "<group>"; };
		6A86E6661BD6287200883D9B /* UINavigationBar.swift */ = {isa = PBXFileReference; fileEncoding = 4; lastKnownFileType = sourcecode.swift; path = UINavigationBar.swift; sourceTree = "<group>"; };
		6AAFAAF21BE5AB330030D7D6 /* CoreGraphics.framework */ = {isa = PBXFileReference; lastKnownFileType = wrapper.framework; name = CoreGraphics.framework; path = System/Library/Frameworks/CoreGraphics.framework; sourceTree = SDKROOT; };
		6AAFAAF41BE5AB3E0030D7D6 /* AudioToolbox.framework */ = {isa = PBXFileReference; lastKnownFileType = wrapper.framework; name = AudioToolbox.framework; path = System/Library/Frameworks/AudioToolbox.framework; sourceTree = SDKROOT; };
		6AAFAAF61BE5AB440030D7D6 /* CFNetwork.framework */ = {isa = PBXFileReference; lastKnownFileType = wrapper.framework; name = CFNetwork.framework; path = System/Library/Frameworks/CFNetwork.framework; sourceTree = SDKROOT; };
		6AAFAAF81BE5AB500030D7D6 /* CoreLocation.framework */ = {isa = PBXFileReference; lastKnownFileType = wrapper.framework; name = CoreLocation.framework; path = System/Library/Frameworks/CoreLocation.framework; sourceTree = SDKROOT; };
		6AAFAAFA1BE5AB570030D7D6 /* MobileCoreServices.framework */ = {isa = PBXFileReference; lastKnownFileType = wrapper.framework; name = MobileCoreServices.framework; path = System/Library/Frameworks/MobileCoreServices.framework; sourceTree = SDKROOT; };
		6AAFAAFC1BE5AB5C0030D7D6 /* QuartzCore.framework */ = {isa = PBXFileReference; lastKnownFileType = wrapper.framework; name = QuartzCore.framework; path = System/Library/Frameworks/QuartzCore.framework; sourceTree = SDKROOT; };
		6AAFAAFE1BE5AB620030D7D6 /* Security.framework */ = {isa = PBXFileReference; lastKnownFileType = wrapper.framework; name = Security.framework; path = System/Library/Frameworks/Security.framework; sourceTree = SDKROOT; };
		6AAFAB001BE5AB670030D7D6 /* Social.framework */ = {isa = PBXFileReference; lastKnownFileType = wrapper.framework; name = Social.framework; path = System/Library/Frameworks/Social.framework; sourceTree = SDKROOT; };
		6AAFAB021BE5AB6C0030D7D6 /* StoreKit.framework */ = {isa = PBXFileReference; lastKnownFileType = wrapper.framework; name = StoreKit.framework; path = System/Library/Frameworks/StoreKit.framework; sourceTree = SDKROOT; };
		6AAFAB041BE5AB710030D7D6 /* SystemConfiguration.framework */ = {isa = PBXFileReference; lastKnownFileType = wrapper.framework; name = SystemConfiguration.framework; path = System/Library/Frameworks/SystemConfiguration.framework; sourceTree = SDKROOT; };
		6AAFAB061BE5AB880030D7D6 /* libz.tbd */ = {isa = PBXFileReference; lastKnownFileType = "sourcecode.text-based-dylib-definition"; name = libz.tbd; path = usr/lib/libz.tbd; sourceTree = SDKROOT; };
		6AAFAB081BE5AB940030D7D6 /* libsqlite3.tbd */ = {isa = PBXFileReference; lastKnownFileType = "sourcecode.text-based-dylib-definition"; name = libsqlite3.tbd; path = usr/lib/libsqlite3.tbd; sourceTree = SDKROOT; };
		6AAFAB0A1BE5AE0E0030D7D6 /* Accounts.framework */ = {isa = PBXFileReference; lastKnownFileType = wrapper.framework; name = Accounts.framework; path = System/Library/Frameworks/Accounts.framework; sourceTree = SDKROOT; };
		6AAFAB0C1BE6F7670030D7D6 /* ManageUser.swift */ = {isa = PBXFileReference; fileEncoding = 4; lastKnownFileType = sourcecode.swift; path = ManageUser.swift; sourceTree = "<group>"; };
		6ACE5DCF1BBF88A8005B96DA /* HomeViewController.swift */ = {isa = PBXFileReference; fileEncoding = 4; lastKnownFileType = sourcecode.swift; path = HomeViewController.swift; sourceTree = "<group>"; };
		6ACE5DD31BBFA057005B96DA /* SettingsViewController.swift */ = {isa = PBXFileReference; fileEncoding = 4; lastKnownFileType = sourcecode.swift; path = SettingsViewController.swift; sourceTree = "<group>"; };
		6ACE5DD51BC0A546005B96DA /* MainNavigationViewController.swift */ = {isa = PBXFileReference; fileEncoding = 4; lastKnownFileType = sourcecode.swift; path = MainNavigationViewController.swift; sourceTree = "<group>"; };
		6AD172D71BC216B600F980E3 /* CreatePathViewController.swift */ = {isa = PBXFileReference; fileEncoding = 4; lastKnownFileType = sourcecode.swift; path = CreatePathViewController.swift; sourceTree = "<group>"; };
		6AD172DB1BC21DD200F980E3 /* UIColor.swift */ = {isa = PBXFileReference; fileEncoding = 4; lastKnownFileType = sourcecode.swift; path = UIColor.swift; sourceTree = "<group>"; };
		6AD172E01BC372D800F980E3 /* AppTheme.swift */ = {isa = PBXFileReference; fileEncoding = 4; lastKnownFileType = sourcecode.swift; path = AppTheme.swift; sourceTree = "<group>"; };
		6AD172E21BC3861300F980E3 /* DatePickerDialog.swift */ = {isa = PBXFileReference; fileEncoding = 4; lastKnownFileType = sourcecode.swift; path = DatePickerDialog.swift; sourceTree = "<group>"; };
		6AD172E41BC38CAF00F980E3 /* UIButton.swift */ = {isa = PBXFileReference; fileEncoding = 4; lastKnownFileType = sourcecode.swift; path = UIButton.swift; sourceTree = "<group>"; };
		6AD172E71BC39F5600F980E3 /* UISlider.swift */ = {isa = PBXFileReference; fileEncoding = 4; lastKnownFileType = sourcecode.swift; path = UISlider.swift; sourceTree = "<group>"; };
		6ADE91D11BC657E50072E103 /* LocationSearchTableViewController.swift */ = {isa = PBXFileReference; fileEncoding = 4; lastKnownFileType = sourcecode.swift; path = LocationSearchTableViewController.swift; sourceTree = "<group>"; };
		6ADE91D31BC8BFAB0072E103 /* Podfile */ = {isa = PBXFileReference; fileEncoding = 4; lastKnownFileType = text; path = Podfile; sourceTree = "<group>"; xcLanguageSpecificationIdentifier = xcode.lang.ruby; };
		6AE689371BC1CF5F007BE35F /* ImageLoader.swift */ = {isa = PBXFileReference; fileEncoding = 4; lastKnownFileType = sourcecode.swift; path = ImageLoader.swift; sourceTree = "<group>"; };
		C4B920C4D386EBCEEDD37216 /* UserModel.swift */ = {isa = PBXFileReference; fileEncoding = 4; lastKnownFileType = sourcecode.swift; path = UserModel.swift; sourceTree = "<group>"; };
		C4B92564C66E397113B8EB83 /* UIView.swift */ = {isa = PBXFileReference; fileEncoding = 4; lastKnownFileType = sourcecode.swift; path = UIView.swift; sourceTree = "<group>"; };
		C4B9260FC7C41689019ED4F7 /* UILabel.swift */ = {isa = PBXFileReference; fileEncoding = 4; lastKnownFileType = sourcecode.swift; path = UILabel.swift; sourceTree = "<group>"; };
		D53FEF60F87EA5A593881D3C /* Pods.release.xcconfig */ = {isa = PBXFileReference; includeInIndex = 1; lastKnownFileType = text.xcconfig; name = Pods.release.xcconfig; path = "Pods/Target Support Files/Pods/Pods.release.xcconfig"; sourceTree = "<group>"; };
		FA1E18E328E6050BFD604CF4 /* Pods.debug.xcconfig */ = {isa = PBXFileReference; includeInIndex = 1; lastKnownFileType = text.xcconfig; name = Pods.debug.xcconfig; path = "Pods/Target Support Files/Pods/Pods.debug.xcconfig"; sourceTree = "<group>"; };
/* End PBXFileReference section */

/* Begin PBXFrameworksBuildPhase section */
		6A7197331BBCE42900065577 /* Frameworks */ = {
			isa = PBXFrameworksBuildPhase;
			buildActionMask = 2147483647;
			files = (
				5837D92AA10D45720CC59E06 /* Pods.framework in Frameworks */,
			);
			runOnlyForDeploymentPostprocessing = 0;
		};
		6A7197471BBCE42A00065577 /* Frameworks */ = {
			isa = PBXFrameworksBuildPhase;
			buildActionMask = 2147483647;
			files = (
			);
			runOnlyForDeploymentPostprocessing = 0;
		};
		6A7197521BBCE42A00065577 /* Frameworks */ = {
			isa = PBXFrameworksBuildPhase;
			buildActionMask = 2147483647;
			files = (
			);
			runOnlyForDeploymentPostprocessing = 0;
		};
/* End PBXFrameworksBuildPhase section */

/* Begin PBXGroup section */
		6A71972D1BBCE42900065577 = {
			isa = PBXGroup;
			children = (
				6A7197381BBCE42900065577 /* Pathfinder */,
				6A71974D1BBCE42A00065577 /* PathfinderTests */,
				6A7197581BBCE42A00065577 /* PathfinderUITests */,
				6A7197371BBCE42900065577 /* Products */,
				6ADE91D31BC8BFAB0072E103 /* Podfile */,
				CDC17A816549EDE06752872C /* Pods */,
				EBA87472147D3D110C53BE02 /* Frameworks */,
			);
			sourceTree = "<group>";
		};
		6A7197371BBCE42900065577 /* Products */ = {
			isa = PBXGroup;
			children = (
				6A7197361BBCE42900065577 /* Pathfinder.app */,
				6A71974A1BBCE42A00065577 /* PathfinderTests.xctest */,
				6A7197551BBCE42A00065577 /* PathfinderUITests.xctest */,
			);
			name = Products;
			sourceTree = "<group>";
		};
		6A7197381BBCE42900065577 /* Pathfinder */ = {
			isa = PBXGroup;
			children = (
				6AD172DD1BC36E8000F980E3 /* Helpers */,
				6A7197691BBCF8B100065577 /* Models */,
				6A7197671BBCF89900065577 /* Views */,
				6A7197681BBCF8A600065577 /* Controllers */,
				6A7197401BBCE42A00065577 /* Assets.xcassets */,
				6A7197391BBCE42A00065577 /* AppDelegate.swift */,
				6AD172E01BC372D800F980E3 /* AppTheme.swift */,
				6A7197451BBCE42A00065577 /* Info.plist */,
				6A7197831BBE3C2600065577 /* Bridging-Header.h */,
			);
			path = Pathfinder;
			sourceTree = "<group>";
		};
		6A71974D1BBCE42A00065577 /* PathfinderTests */ = {
			isa = PBXGroup;
			children = (
				6A71974E1BBCE42A00065577 /* PathfinderTests.swift */,
				6A7197501BBCE42A00065577 /* Info.plist */,
			);
			path = PathfinderTests;
			sourceTree = "<group>";
		};
		6A7197581BBCE42A00065577 /* PathfinderUITests */ = {
			isa = PBXGroup;
			children = (
				6A7197591BBCE42A00065577 /* PathfinderUITests.swift */,
				6A71975B1BBCE42A00065577 /* Info.plist */,
			);
			path = PathfinderUITests;
			sourceTree = "<group>";
		};
		6A7197671BBCF89900065577 /* Views */ = {
			isa = PBXGroup;
			children = (
				6A86E6631BD60C4700883D9B /* App */,
				6A86E6621BD60BBC00883D9B /* Custom */,
				6AD172DA1BC21DBD00F980E3 /* Extensions */,
				6AD172E61BC38D1D00F980E3 /* UI */,
			);
			name = Views;
			sourceTree = "<group>";
		};
		6A7197681BBCF8A600065577 /* Controllers */ = {
			isa = PBXGroup;
			children = (
				6ACE5DCF1BBF88A8005B96DA /* HomeViewController.swift */,
				6ACE5DD31BBFA057005B96DA /* SettingsViewController.swift */,
				6ACE5DD51BC0A546005B96DA /* MainNavigationViewController.swift */,
				6AD172D71BC216B600F980E3 /* CreatePathViewController.swift */,
				6ADE91D11BC657E50072E103 /* LocationSearchTableViewController.swift */,
			);
			name = Controllers;
			sourceTree = "<group>";
		};
		6A7197691BBCF8B100065577 /* Models */ = {
			isa = PBXGroup;
			children = (
				C4B920C4D386EBCEEDD37216 /* UserModel.swift */,
				6A1D7F851BCB5392001B7144 /* Location.swift */,
				6A1D7F871BCB55CE001B7144 /* Locations.swift */,
			);
			name = Models;
			sourceTree = "<group>";
		};
		6A86E65C1BD48CC400883D9B /* Home */ = {
			isa = PBXGroup;
			children = (
				6A1D7F7F1BCB03DB001B7144 /* LocationTableViewCell.swift */,
				6A1D7F831BCB3478001B7144 /* LocationSearchButton.swift */,
				6A1D7F891BCB5C12001B7144 /* LocationCellLabel.swift */,
			);
			name = Home;
			sourceTree = "<group>";
		};
		6A86E65F1BD48D1E00883D9B /* CreatePath */ = {
			isa = PBXGroup;
			children = (
				6A86E6641BD60DA400883D9B /* CenterCellCollectionViewFlowLayout.swift */,
				6A1EBCBD1BDC10C30073BE42 /* PathLocationTableViewCell.swift */,
				6A29FCA91BDDC2EB0044645E /* PathLocationSelectionCollectionViewCell.swift */,
				6A29FCAB1BE0A4D90044645E /* AddPathLocationTableViewCell.swift */,
			);
			name = CreatePath;
			sourceTree = "<group>";
		};
		6A86E6621BD60BBC00883D9B /* Custom */ = {
			isa = PBXGroup;
			children = (
				6A86E6601BD60B6000883D9B /* CircleView.swift */,
			);
			name = Custom;
			sourceTree = "<group>";
		};
		6A86E6631BD60C4700883D9B /* App */ = {
			isa = PBXGroup;
			children = (
				6A71973D1BBCE42A00065577 /* Main.storyboard */,
				6A7197421BBCE42A00065577 /* LaunchScreen.storyboard */,
				6A86E65F1BD48D1E00883D9B /* CreatePath */,
				6A86E65C1BD48CC400883D9B /* Home */,
			);
			name = App;
			sourceTree = "<group>";
		};
		6AD172DA1BC21DBD00F980E3 /* Extensions */ = {
			isa = PBXGroup;
			children = (
				6AD172DB1BC21DD200F980E3 /* UIColor.swift */,
				6A1454251BD4703000AA659B /* NSDate.swift */,
			);
			name = Extensions;
			sourceTree = "<group>";
		};
		6AD172DD1BC36E8000F980E3 /* Helpers */ = {
			isa = PBXGroup;
			children = (
				6AE689371BC1CF5F007BE35F /* ImageLoader.swift */,
				6AD172E21BC3861300F980E3 /* DatePickerDialog.swift */,
				6AAFAB0C1BE6F7670030D7D6 /* ManageUser.swift */,
			);
			name = Helpers;
			sourceTree = "<group>";
		};
		6AD172E61BC38D1D00F980E3 /* UI */ = {
			isa = PBXGroup;
			children = (
				C4B9260FC7C41689019ED4F7 /* UILabel.swift */,
				C4B92564C66E397113B8EB83 /* UIView.swift */,
				6AD172E41BC38CAF00F980E3 /* UIButton.swift */,
				6AD172E71BC39F5600F980E3 /* UISlider.swift */,
				6A12CC9E1BC3A9BF00851F80 /* UINavigationItem.swift */,
				6A86E6661BD6287200883D9B /* UINavigationBar.swift */,
			);
			name = UI;
			sourceTree = "<group>";
		};
		CDC17A816549EDE06752872C /* Pods */ = {
			isa = PBXGroup;
			children = (
				FA1E18E328E6050BFD604CF4 /* Pods.debug.xcconfig */,
				D53FEF60F87EA5A593881D3C /* Pods.release.xcconfig */,
			);
			name = Pods;
			sourceTree = "<group>";
		};
		EBA87472147D3D110C53BE02 /* Frameworks */ = {
			isa = PBXGroup;
			children = (
				6AAFAB0A1BE5AE0E0030D7D6 /* Accounts.framework */,
				6AAFAB081BE5AB940030D7D6 /* libsqlite3.tbd */,
				6AAFAB061BE5AB880030D7D6 /* libz.tbd */,
				6AAFAB041BE5AB710030D7D6 /* SystemConfiguration.framework */,
				6AAFAB021BE5AB6C0030D7D6 /* StoreKit.framework */,
				6AAFAB001BE5AB670030D7D6 /* Social.framework */,
				6AAFAAFE1BE5AB620030D7D6 /* Security.framework */,
				6AAFAAFC1BE5AB5C0030D7D6 /* QuartzCore.framework */,
				6AAFAAFA1BE5AB570030D7D6 /* MobileCoreServices.framework */,
				6AAFAAF81BE5AB500030D7D6 /* CoreLocation.framework */,
				6AAFAAF61BE5AB440030D7D6 /* CFNetwork.framework */,
				6AAFAAF41BE5AB3E0030D7D6 /* AudioToolbox.framework */,
				6AAFAAF21BE5AB330030D7D6 /* CoreGraphics.framework */,
				032E6FD38B5E0C29DC64099D /* Pods.framework */,
			);
			name = Frameworks;
			sourceTree = "<group>";
		};
/* End PBXGroup section */

/* Begin PBXNativeTarget section */
		6A7197351BBCE42900065577 /* Pathfinder */ = {
			isa = PBXNativeTarget;
			buildConfigurationList = 6A71975E1BBCE42A00065577 /* Build configuration list for PBXNativeTarget "Pathfinder" */;
			buildPhases = (
				65EE7D259DF0B20F16692251 /* Check Pods Manifest.lock */,
				6A7197321BBCE42900065577 /* Sources */,
				6A7197331BBCE42900065577 /* Frameworks */,
				6A7197341BBCE42900065577 /* Resources */,
				0D08FE54F56E192B40345C49 /* Embed Pods Frameworks */,
				EC0D12AED52016B560292C08 /* Copy Pods Resources */,
			);
			buildRules = (
			);
			dependencies = (
			);
			name = Pathfinder;
			productName = Pathfinder;
			productReference = 6A7197361BBCE42900065577 /* Pathfinder.app */;
			productType = "com.apple.product-type.application";
		};
		6A7197491BBCE42A00065577 /* PathfinderTests */ = {
			isa = PBXNativeTarget;
			buildConfigurationList = 6A7197611BBCE42A00065577 /* Build configuration list for PBXNativeTarget "PathfinderTests" */;
			buildPhases = (
				6A7197461BBCE42A00065577 /* Sources */,
				6A7197471BBCE42A00065577 /* Frameworks */,
				6A7197481BBCE42A00065577 /* Resources */,
			);
			buildRules = (
			);
			dependencies = (
				6A71974C1BBCE42A00065577 /* PBXTargetDependency */,
			);
			name = PathfinderTests;
			productName = PathfinderTests;
			productReference = 6A71974A1BBCE42A00065577 /* PathfinderTests.xctest */;
			productType = "com.apple.product-type.bundle.unit-test";
		};
		6A7197541BBCE42A00065577 /* PathfinderUITests */ = {
			isa = PBXNativeTarget;
			buildConfigurationList = 6A7197641BBCE42A00065577 /* Build configuration list for PBXNativeTarget "PathfinderUITests" */;
			buildPhases = (
				6A7197511BBCE42A00065577 /* Sources */,
				6A7197521BBCE42A00065577 /* Frameworks */,
				6A7197531BBCE42A00065577 /* Resources */,
			);
			buildRules = (
			);
			dependencies = (
				6A7197571BBCE42A00065577 /* PBXTargetDependency */,
			);
			name = PathfinderUITests;
			productName = PathfinderUITests;
			productReference = 6A7197551BBCE42A00065577 /* PathfinderUITests.xctest */;
			productType = "com.apple.product-type.bundle.ui-testing";
		};
/* End PBXNativeTarget section */

/* Begin PBXProject section */
		6A71972E1BBCE42900065577 /* Project object */ = {
			isa = PBXProject;
			attributes = {
				LastUpgradeCheck = 0700;
				ORGANIZATIONNAME = "Pascal Brisset";
				TargetAttributes = {
					6A7197351BBCE42900065577 = {
						CreatedOnToolsVersion = 7.0;
					};
					6A7197491BBCE42A00065577 = {
						CreatedOnToolsVersion = 7.0;
						TestTargetID = 6A7197351BBCE42900065577;
					};
					6A7197541BBCE42A00065577 = {
						CreatedOnToolsVersion = 7.0;
						TestTargetID = 6A7197351BBCE42900065577;
					};
				};
			};
			buildConfigurationList = 6A7197311BBCE42900065577 /* Build configuration list for PBXProject "Pathfinder" */;
			compatibilityVersion = "Xcode 3.2";
			developmentRegion = English;
			hasScannedForEncodings = 0;
			knownRegions = (
				en,
				Base,
			);
			mainGroup = 6A71972D1BBCE42900065577;
			productRefGroup = 6A7197371BBCE42900065577 /* Products */;
			projectDirPath = "";
			projectRoot = "";
			targets = (
				6A7197351BBCE42900065577 /* Pathfinder */,
				6A7197491BBCE42A00065577 /* PathfinderTests */,
				6A7197541BBCE42A00065577 /* PathfinderUITests */,
			);
		};
/* End PBXProject section */

/* Begin PBXResourcesBuildPhase section */
		6A7197341BBCE42900065577 /* Resources */ = {
			isa = PBXResourcesBuildPhase;
			buildActionMask = 2147483647;
			files = (
				6A7197441BBCE42A00065577 /* LaunchScreen.storyboard in Resources */,
				6A7197411BBCE42A00065577 /* Assets.xcassets in Resources */,
				6ADE91D41BC8BFAB0072E103 /* Podfile in Resources */,
				6A71973F1BBCE42A00065577 /* Main.storyboard in Resources */,
			);
			runOnlyForDeploymentPostprocessing = 0;
		};
		6A7197481BBCE42A00065577 /* Resources */ = {
			isa = PBXResourcesBuildPhase;
			buildActionMask = 2147483647;
			files = (
			);
			runOnlyForDeploymentPostprocessing = 0;
		};
		6A7197531BBCE42A00065577 /* Resources */ = {
			isa = PBXResourcesBuildPhase;
			buildActionMask = 2147483647;
			files = (
			);
			runOnlyForDeploymentPostprocessing = 0;
		};
/* End PBXResourcesBuildPhase section */

/* Begin PBXShellScriptBuildPhase section */
		0D08FE54F56E192B40345C49 /* Embed Pods Frameworks */ = {
			isa = PBXShellScriptBuildPhase;
			buildActionMask = 2147483647;
			files = (
			);
			inputPaths = (
			);
			name = "Embed Pods Frameworks";
			outputPaths = (
			);
			runOnlyForDeploymentPostprocessing = 0;
			shellPath = /bin/sh;
			shellScript = "\"${SRCROOT}/Pods/Target Support Files/Pods/Pods-frameworks.sh\"\n";
			showEnvVarsInLog = 0;
		};
		65EE7D259DF0B20F16692251 /* Check Pods Manifest.lock */ = {
			isa = PBXShellScriptBuildPhase;
			buildActionMask = 2147483647;
			files = (
			);
			inputPaths = (
			);
			name = "Check Pods Manifest.lock";
			outputPaths = (
			);
			runOnlyForDeploymentPostprocessing = 0;
			shellPath = /bin/sh;
			shellScript = "diff \"${PODS_ROOT}/../Podfile.lock\" \"${PODS_ROOT}/Manifest.lock\" > /dev/null\nif [[ $? != 0 ]] ; then\n    cat << EOM\nerror: The sandbox is not in sync with the Podfile.lock. Run 'pod install' or update your CocoaPods installation.\nEOM\n    exit 1\nfi\n";
			showEnvVarsInLog = 0;
		};
		EC0D12AED52016B560292C08 /* Copy Pods Resources */ = {
			isa = PBXShellScriptBuildPhase;
			buildActionMask = 2147483647;
			files = (
			);
			inputPaths = (
			);
			name = "Copy Pods Resources";
			outputPaths = (
			);
			runOnlyForDeploymentPostprocessing = 0;
			shellPath = /bin/sh;
			shellScript = "\"${SRCROOT}/Pods/Target Support Files/Pods/Pods-resources.sh\"\n";
			showEnvVarsInLog = 0;
		};
/* End PBXShellScriptBuildPhase section */

/* Begin PBXSourcesBuildPhase section */
		6A7197321BBCE42900065577 /* Sources */ = {
			isa = PBXSourcesBuildPhase;
			buildActionMask = 2147483647;
			files = (
				6A86E6611BD60B6000883D9B /* CircleView.swift in Sources */,
				6A86E6671BD6287200883D9B /* UINavigationBar.swift in Sources */,
				6A1454261BD4703000AA659B /* NSDate.swift in Sources */,
				6A71973A1BBCE42A00065577 /* AppDelegate.swift in Sources */,
				6A86E6651BD60DA400883D9B /* CenterCellCollectionViewFlowLayout.swift in Sources */,
				6ACE5DD01BBF88A8005B96DA /* HomeViewController.swift in Sources */,
				6AD172D81BC216B600F980E3 /* CreatePathViewController.swift in Sources */,
				6AD172E31BC3861300F980E3 /* DatePickerDialog.swift in Sources */,
				6AAFAB0D1BE6F7670030D7D6 /* ManageUser.swift in Sources */,
				6ACE5DD61BC0A546005B96DA /* MainNavigationViewController.swift in Sources */,
				6ACE5DD41BBFA057005B96DA /* SettingsViewController.swift in Sources */,
				6AE689381BC1CF5F007BE35F /* ImageLoader.swift in Sources */,
				C4B92FCF82C7F3563D1ABAEE /* UserModel.swift in Sources */,
				6ADE91D21BC657E50072E103 /* LocationSearchTableViewController.swift in Sources */,
				6AD172DC1BC21DD200F980E3 /* UIColor.swift in Sources */,
				6AD172E11BC372D800F980E3 /* AppTheme.swift in Sources */,
				6A29FCAA1BDDC2EB0044645E /* PathLocationSelectionCollectionViewCell.swift in Sources */,
				6AD172E51BC38CAF00F980E3 /* UIButton.swift in Sources */,
				6A1D7F841BCB3478001B7144 /* LocationSearchButton.swift in Sources */,
				6A1D7F801BCB03DB001B7144 /* LocationTableViewCell.swift in Sources */,
				6A29FCAC1BE0A4D90044645E /* AddPathLocationTableViewCell.swift in Sources */,
				6A1D7F861BCB5392001B7144 /* Location.swift in Sources */,
				6AD172E81BC39F5600F980E3 /* UISlider.swift in Sources */,
				C4B92930A5FFAF954BDFDE5D /* UIView.swift in Sources */,
				6A12CC9F1BC3A9BF00851F80 /* UINavigationItem.swift in Sources */,
				6A1D7F8A1BCB5C12001B7144 /* LocationCellLabel.swift in Sources */,
				6A1D7F881BCB55CE001B7144 /* Locations.swift in Sources */,
				C4B927CDCB68CEC3CD660798 /* UILabel.swift in Sources */,
				6A1EBCBE1BDC10C30073BE42 /* PathLocationTableViewCell.swift in Sources */,
			);
			runOnlyForDeploymentPostprocessing = 0;
		};
		6A7197461BBCE42A00065577 /* Sources */ = {
			isa = PBXSourcesBuildPhase;
			buildActionMask = 2147483647;
			files = (
				6A71974F1BBCE42A00065577 /* PathfinderTests.swift in Sources */,
			);
			runOnlyForDeploymentPostprocessing = 0;
		};
		6A7197511BBCE42A00065577 /* Sources */ = {
			isa = PBXSourcesBuildPhase;
			buildActionMask = 2147483647;
			files = (
				6A71975A1BBCE42A00065577 /* PathfinderUITests.swift in Sources */,
			);
			runOnlyForDeploymentPostprocessing = 0;
		};
/* End PBXSourcesBuildPhase section */

/* Begin PBXTargetDependency section */
		6A71974C1BBCE42A00065577 /* PBXTargetDependency */ = {
			isa = PBXTargetDependency;
			target = 6A7197351BBCE42900065577 /* Pathfinder */;
			targetProxy = 6A71974B1BBCE42A00065577 /* PBXContainerItemProxy */;
		};
		6A7197571BBCE42A00065577 /* PBXTargetDependency */ = {
			isa = PBXTargetDependency;
			target = 6A7197351BBCE42900065577 /* Pathfinder */;
			targetProxy = 6A7197561BBCE42A00065577 /* PBXContainerItemProxy */;
		};
/* End PBXTargetDependency section */

/* Begin PBXVariantGroup section */
		6A71973D1BBCE42A00065577 /* Main.storyboard */ = {
			isa = PBXVariantGroup;
			children = (
				6A71973E1BBCE42A00065577 /* Base */,
			);
			name = Main.storyboard;
			sourceTree = "<group>";
		};
		6A7197421BBCE42A00065577 /* LaunchScreen.storyboard */ = {
			isa = PBXVariantGroup;
			children = (
				6A7197431BBCE42A00065577 /* Base */,
			);
			name = LaunchScreen.storyboard;
			sourceTree = "<group>";
		};
/* End PBXVariantGroup section */

/* Begin XCBuildConfiguration section */
		6A71975C1BBCE42A00065577 /* Debug */ = {
			isa = XCBuildConfiguration;
			buildSettings = {
				ALWAYS_SEARCH_USER_PATHS = NO;
				CLANG_CXX_LANGUAGE_STANDARD = "gnu++0x";
				CLANG_CXX_LIBRARY = "libc++";
				CLANG_ENABLE_MODULES = YES;
				CLANG_ENABLE_OBJC_ARC = YES;
				CLANG_WARN_BOOL_CONVERSION = YES;
				CLANG_WARN_CONSTANT_CONVERSION = YES;
				CLANG_WARN_DIRECT_OBJC_ISA_USAGE = YES_ERROR;
				CLANG_WARN_EMPTY_BODY = YES;
				CLANG_WARN_ENUM_CONVERSION = YES;
				CLANG_WARN_INT_CONVERSION = YES;
				CLANG_WARN_OBJC_ROOT_CLASS = YES_ERROR;
				CLANG_WARN_UNREACHABLE_CODE = YES;
				CLANG_WARN__DUPLICATE_METHOD_MATCH = YES;
				"CODE_SIGN_IDENTITY[sdk=iphoneos*]" = "iPhone Developer";
				COPY_PHASE_STRIP = NO;
				DEBUG_INFORMATION_FORMAT = dwarf;
				ENABLE_STRICT_OBJC_MSGSEND = YES;
				ENABLE_TESTABILITY = YES;
				GCC_C_LANGUAGE_STANDARD = gnu99;
				GCC_DYNAMIC_NO_PIC = NO;
				GCC_NO_COMMON_BLOCKS = YES;
				GCC_OPTIMIZATION_LEVEL = 0;
				GCC_PREPROCESSOR_DEFINITIONS = (
					"DEBUG=1",
					"$(inherited)",
				);
				GCC_WARN_64_TO_32_BIT_CONVERSION = YES;
				GCC_WARN_ABOUT_RETURN_TYPE = YES_ERROR;
				GCC_WARN_UNDECLARED_SELECTOR = YES;
				GCC_WARN_UNINITIALIZED_AUTOS = YES_AGGRESSIVE;
				GCC_WARN_UNUSED_FUNCTION = YES;
				GCC_WARN_UNUSED_VARIABLE = YES;
				IPHONEOS_DEPLOYMENT_TARGET = 9.0;
				MTL_ENABLE_DEBUG_INFO = YES;
				ONLY_ACTIVE_ARCH = YES;
				SDKROOT = iphoneos;
				SWIFT_OPTIMIZATION_LEVEL = "-Onone";
			};
			name = Debug;
		};
		6A71975D1BBCE42A00065577 /* Release */ = {
			isa = XCBuildConfiguration;
			buildSettings = {
				ALWAYS_SEARCH_USER_PATHS = NO;
				CLANG_CXX_LANGUAGE_STANDARD = "gnu++0x";
				CLANG_CXX_LIBRARY = "libc++";
				CLANG_ENABLE_MODULES = YES;
				CLANG_ENABLE_OBJC_ARC = YES;
				CLANG_WARN_BOOL_CONVERSION = YES;
				CLANG_WARN_CONSTANT_CONVERSION = YES;
				CLANG_WARN_DIRECT_OBJC_ISA_USAGE = YES_ERROR;
				CLANG_WARN_EMPTY_BODY = YES;
				CLANG_WARN_ENUM_CONVERSION = YES;
				CLANG_WARN_INT_CONVERSION = YES;
				CLANG_WARN_OBJC_ROOT_CLASS = YES_ERROR;
				CLANG_WARN_UNREACHABLE_CODE = YES;
				CLANG_WARN__DUPLICATE_METHOD_MATCH = YES;
				"CODE_SIGN_IDENTITY[sdk=iphoneos*]" = "iPhone Developer";
				COPY_PHASE_STRIP = NO;
				DEBUG_INFORMATION_FORMAT = "dwarf-with-dsym";
				ENABLE_NS_ASSERTIONS = NO;
				ENABLE_STRICT_OBJC_MSGSEND = YES;
				GCC_C_LANGUAGE_STANDARD = gnu99;
				GCC_NO_COMMON_BLOCKS = YES;
				GCC_WARN_64_TO_32_BIT_CONVERSION = YES;
				GCC_WARN_ABOUT_RETURN_TYPE = YES_ERROR;
				GCC_WARN_UNDECLARED_SELECTOR = YES;
				GCC_WARN_UNINITIALIZED_AUTOS = YES_AGGRESSIVE;
				GCC_WARN_UNUSED_FUNCTION = YES;
				GCC_WARN_UNUSED_VARIABLE = YES;
				IPHONEOS_DEPLOYMENT_TARGET = 9.0;
				MTL_ENABLE_DEBUG_INFO = NO;
				SDKROOT = iphoneos;
				VALIDATE_PRODUCT = YES;
			};
			name = Release;
		};
		6A71975F1BBCE42A00065577 /* Debug */ = {
			isa = XCBuildConfiguration;
			baseConfigurationReference = FA1E18E328E6050BFD604CF4 /* Pods.debug.xcconfig */;
			buildSettings = {
				ASSETCATALOG_COMPILER_APPICON_NAME = AppIcon;
				CLANG_ALLOW_NON_MODULAR_INCLUDES_IN_FRAMEWORK_MODULES = NO;
				ENABLE_BITCODE = YES;
				FRAMEWORK_SEARCH_PATHS = (
					"$(inherited)",
					"$(PROJECT_DIR)/Pathfinder",
				);
				INFOPLIST_FILE = Pathfinder/Info.plist;
				LD_RUNPATH_SEARCH_PATHS = "$(inherited) @executable_path/Frameworks";
				PRODUCT_BUNDLE_IDENTIFIER = pbriss.Pathfinder;
				PRODUCT_NAME = "$(TARGET_NAME)";
				SWIFT_OBJC_BRIDGING_HEADER = "Pathfinder/Bridging-Header.h";
				TARGETED_DEVICE_FAMILY = 1;
			};
			name = Debug;
		};
		6A7197601BBCE42A00065577 /* Release */ = {
			isa = XCBuildConfiguration;
			baseConfigurationReference = D53FEF60F87EA5A593881D3C /* Pods.release.xcconfig */;
			buildSettings = {
				ASSETCATALOG_COMPILER_APPICON_NAME = AppIcon;
				CLANG_ALLOW_NON_MODULAR_INCLUDES_IN_FRAMEWORK_MODULES = NO;
				ENABLE_BITCODE = YES;
				FRAMEWORK_SEARCH_PATHS = (
					"$(inherited)",
					"$(PROJECT_DIR)/Pathfinder",
				);
				INFOPLIST_FILE = Pathfinder/Info.plist;
				LD_RUNPATH_SEARCH_PATHS = "$(inherited) @executable_path/Frameworks";
				PRODUCT_BUNDLE_IDENTIFIER = pbriss.Pathfinder;
				PRODUCT_NAME = "$(TARGET_NAME)";
				SWIFT_OBJC_BRIDGING_HEADER = "Pathfinder/Bridging-Header.h";
				TARGETED_DEVICE_FAMILY = 1;
			};
			name = Release;
		};
		6A7197621BBCE42A00065577 /* Debug */ = {
			isa = XCBuildConfiguration;
			buildSettings = {
				BUNDLE_LOADER = "$(TEST_HOST)";
				INFOPLIST_FILE = PathfinderTests/Info.plist;
				LD_RUNPATH_SEARCH_PATHS = "$(inherited) @executable_path/Frameworks @loader_path/Frameworks";
				PRODUCT_BUNDLE_IDENTIFIER = pbriss.PathfinderTests;
				PRODUCT_NAME = "$(TARGET_NAME)";
				TEST_HOST = "$(BUILT_PRODUCTS_DIR)/Pathfinder.app/Pathfinder";
			};
			name = Debug;
		};
		6A7197631BBCE42A00065577 /* Release */ = {
			isa = XCBuildConfiguration;
			buildSettings = {
				BUNDLE_LOADER = "$(TEST_HOST)";
				INFOPLIST_FILE = PathfinderTests/Info.plist;
				LD_RUNPATH_SEARCH_PATHS = "$(inherited) @executable_path/Frameworks @loader_path/Frameworks";
				PRODUCT_BUNDLE_IDENTIFIER = pbriss.PathfinderTests;
				PRODUCT_NAME = "$(TARGET_NAME)";
				TEST_HOST = "$(BUILT_PRODUCTS_DIR)/Pathfinder.app/Pathfinder";
			};
			name = Release;
		};
		6A7197651BBCE42A00065577 /* Debug */ = {
			isa = XCBuildConfiguration;
			buildSettings = {
				INFOPLIST_FILE = PathfinderUITests/Info.plist;
				LD_RUNPATH_SEARCH_PATHS = "$(inherited) @executable_path/Frameworks @loader_path/Frameworks";
				PRODUCT_BUNDLE_IDENTIFIER = pbriss.PathfinderUITests;
				PRODUCT_NAME = "$(TARGET_NAME)";
				TEST_TARGET_NAME = Pathfinder;
				USES_XCTRUNNER = YES;
			};
			name = Debug;
		};
		6A7197661BBCE42A00065577 /* Release */ = {
			isa = XCBuildConfiguration;
			buildSettings = {
				INFOPLIST_FILE = PathfinderUITests/Info.plist;
				LD_RUNPATH_SEARCH_PATHS = "$(inherited) @executable_path/Frameworks @loader_path/Frameworks";
				PRODUCT_BUNDLE_IDENTIFIER = pbriss.PathfinderUITests;
				PRODUCT_NAME = "$(TARGET_NAME)";
				TEST_TARGET_NAME = Pathfinder;
				USES_XCTRUNNER = YES;
			};
			name = Release;
		};
/* End XCBuildConfiguration section */

/* Begin XCConfigurationList section */
		6A7197311BBCE42900065577 /* Build configuration list for PBXProject "Pathfinder" */ = {
			isa = XCConfigurationList;
			buildConfigurations = (
				6A71975C1BBCE42A00065577 /* Debug */,
				6A71975D1BBCE42A00065577 /* Release */,
			);
			defaultConfigurationIsVisible = 0;
			defaultConfigurationName = Release;
		};
		6A71975E1BBCE42A00065577 /* Build configuration list for PBXNativeTarget "Pathfinder" */ = {
			isa = XCConfigurationList;
			buildConfigurations = (
				6A71975F1BBCE42A00065577 /* Debug */,
				6A7197601BBCE42A00065577 /* Release */,
			);
			defaultConfigurationIsVisible = 0;
			defaultConfigurationName = Release;
		};
		6A7197611BBCE42A00065577 /* Build configuration list for PBXNativeTarget "PathfinderTests" */ = {
			isa = XCConfigurationList;
			buildConfigurations = (
				6A7197621BBCE42A00065577 /* Debug */,
				6A7197631BBCE42A00065577 /* Release */,
			);
			defaultConfigurationIsVisible = 0;
			defaultConfigurationName = Release;
		};
		6A7197641BBCE42A00065577 /* Build configuration list for PBXNativeTarget "PathfinderUITests" */ = {
			isa = XCConfigurationList;
			buildConfigurations = (
				6A7197651BBCE42A00065577 /* Debug */,
				6A7197661BBCE42A00065577 /* Release */,
			);
			defaultConfigurationIsVisible = 0;
			defaultConfigurationName = Release;
		};
/* End XCConfigurationList section */
	};
	rootObject = 6A71972E1BBCE42900065577 /* Project object */;
}
